{
    "_readme": [
        "This file locks the dependencies of your project to a known state",
        "Read more about it at https://getcomposer.org/doc/01-basic-usage.md#installing-dependencies",
        "This file is @generated automatically"
    ],
    "content-hash": "acd09c5da3567062be4552f8f4264a54",
    "packages": [],
    "packages-dev": [],
    "aliases": [],
    "minimum-stability": "stable",
    "stability-flags": {},
    "prefer-stable": false,
    "prefer-lowest": false,
    "platform": {
        "php": ">=8.1",
        "ext-pdo_sqlite": "*",
        "ext-curl": "*",
        "ext-xml": "*",
        "ext-mbstring": "*",
        "ext-zip": "*"
    },
    "platform-dev": {},
    "plugin-api-version": "2.9.0"
}
